
Microsoft Visual Studio Solution File, Format Version 11.00
# Visual Studio 2010
Project("{FAE04EC0-301F-11D3-BF4B-00C04F79EFBC}") = "TDot.Attrib.Commands.Core", "TDot.Attrib.Commands.Core\TDot.Attrib.Commands.Core.csproj", "{EF349AD4-7492-481D-A59D-C39D9E4E9F16}"
EndProject
Project("{FAE04EC0-301F-11D3-BF4B-00C04F79EFBC}") = "TDot.Attrib.Commands.Core.Tests", "TDot.Attrib.Commands.Core.Tests\TDot.Attrib.Commands.Core.Tests.csproj", "{06E36832-95B9-4ED7-9392-77F854D69226}"
EndProject
Project("{2150E333-8FDC-42A3-9474-1A3956D46DE8}") = "Docs", "Docs", "{C1C9EB00-7155-4BEF-96F5-CEA5989A28C8}"
EndProject
Global
	GlobalSection(SolutionConfigurationPlatforms) = preSolution
		Debug|Any CPU = Debug|Any CPU
		Release|Any CPU = Release|Any CPU
	EndGlobalSection
	GlobalSection(ProjectConfigurationPlatforms) = postSolution
		{EF349AD4-7492-481D-A59D-C39D9E4E9F16}.Debug|Any CPU.ActiveCfg = Debug|Any CPU
		{EF349AD4-7492-481D-A59D-C39D9E4E9F16}.Debug|Any CPU.Build.0 = Debug|Any CPU
		{EF349AD4-7492-481D-A59D-C39D9E4E9F16}.Release|Any CPU.ActiveCfg = Release|Any CPU
		{EF349AD4-7492-481D-A59D-C39D9E4E9F16}.Release|Any CPU.Build.0 = Release|Any CPU
		{06E36832-95B9-4ED7-9392-77F854D69226}.Debug|Any CPU.ActiveCfg = Debug|Any CPU
		{06E36832-95B9-4ED7-9392-77F854D69226}.Debug|Any CPU.Build.0 = Debug|Any CPU
		{06E36832-95B9-4ED7-9392-77F854D69226}.Release|Any CPU.ActiveCfg = Release|Any CPU
		{06E36832-95B9-4ED7-9392-77F854D69226}.Release|Any CPU.Build.0 = Release|Any CPU
	EndGlobalSection
	GlobalSection(SolutionProperties) = preSolution
		HideSolutionNode = FALSE
	EndGlobalSection
EndGlobal
